
Microsoft Visual Studio Solution File, Format Version 12.00
# Visual Studio Version 16
VisualStudioVersion = 16.0.30907.101
MinimumVisualStudioVersion = 10.0.40219.1
Project("{9A19103F-16F7-4668-BE54-9A1E7A4F7556}") = "BDayServer", "BDayServer\BDayServer.csproj", "{C64ADE8F-8182-40C8-AF51-46D091E6F0BE}"
EndProject
Project("{9A19103F-16F7-4668-BE54-9A1E7A4F7556}") = "Entities", "Entities\Entities.csproj", "{264BA525-B9BE-4289-807C-8D9B8CE12381}"
EndProject
Project("{9A19103F-16F7-4668-BE54-9A1E7A4F7556}") = "Repository", "Repository\Repository.csproj", "{4F19E362-0E4A-4F81-A582-ADD87EE748F7}"
EndProject
Project("{9A19103F-16F7-4668-BE54-9A1E7A4F7556}") = "Contracts", "Contracts\Contracts.csproj", "{4E40BF5B-8512-42C8-BADC-03944C473B7D}"
EndProject
Project("{9A19103F-16F7-4668-BE54-9A1E7A4F7556}") = "EmailService", "EmailService\EmailService.csproj", "{20A97B0F-03A8-4A7E-86B4-7EE5B0276F14}"
EndProject
Global
	GlobalSection(SolutionConfigurationPlatforms) = preSolution
		Debug|Any CPU = Debug|Any CPU
		Release|Any CPU = Release|Any CPU
	EndGlobalSection
	GlobalSection(ProjectConfigurationPlatforms) = postSolution
		{C64ADE8F-8182-40C8-AF51-46D091E6F0BE}.Debug|Any CPU.ActiveCfg = Debug|Any CPU
		{C64ADE8F-8182-40C8-AF51-46D091E6F0BE}.Debug|Any CPU.Build.0 = Debug|Any CPU
		{C64ADE8F-8182-40C8-AF51-46D091E6F0BE}.Release|Any CPU.ActiveCfg = Release|Any CPU
		{C64ADE8F-8182-40C8-AF51-46D091E6F0BE}.Release|Any CPU.Build.0 = Release|Any CPU
		{264BA525-B9BE-4289-807C-8D9B8CE12381}.Debug|Any CPU.ActiveCfg = Debug|Any CPU
		{264BA525-B9BE-4289-807C-8D9B8CE12381}.Debug|Any CPU.Build.0 = Debug|Any CPU
		{264BA525-B9BE-4289-807C-8D9B8CE12381}.Release|Any CPU.ActiveCfg = Release|Any CPU
		{264BA525-B9BE-4289-807C-8D9B8CE12381}.Release|Any CPU.Build.0 = Release|Any CPU
		{4F19E362-0E4A-4F81-A582-ADD87EE748F7}.Debug|Any CPU.ActiveCfg = Debug|Any CPU
		{4F19E362-0E4A-4F81-A582-ADD87EE748F7}.Debug|Any CPU.Build.0 = Debug|Any CPU
		{4F19E362-0E4A-4F81-A582-ADD87EE748F7}.Release|Any CPU.ActiveCfg = Release|Any CPU
		{4F19E362-0E4A-4F81-A582-ADD87EE748F7}.Release|Any CPU.Build.0 = Release|Any CPU
		{4E40BF5B-8512-42C8-BADC-03944C473B7D}.Debug|Any CPU.ActiveCfg = Debug|Any CPU
		{4E40BF5B-8512-42C8-BADC-03944C473B7D}.Debug|Any CPU.Build.0 = Debug|Any CPU
		{4E40BF5B-8512-42C8-BADC-03944C473B7D}.Release|Any CPU.ActiveCfg = Release|Any CPU
		{4E40BF5B-8512-42C8-BADC-03944C473B7D}.Release|Any CPU.Build.0 = Release|Any CPU
		{20A97B0F-03A8-4A7E-86B4-7EE5B0276F14}.Debug|Any CPU.ActiveCfg = Debug|Any CPU
		{20A97B0F-03A8-4A7E-86B4-7EE5B0276F14}.Debug|Any CPU.Build.0 = Debug|Any CPU
		{20A97B0F-03A8-4A7E-86B4-7EE5B0276F14}.Release|Any CPU.ActiveCfg = Release|Any CPU
		{20A97B0F-03A8-4A7E-86B4-7EE5B0276F14}.Release|Any CPU.Build.0 = Release|Any CPU
	EndGlobalSection
	GlobalSection(SolutionProperties) = preSolution
		HideSolutionNode = FALSE
	EndGlobalSection
	GlobalSection(ExtensibilityGlobals) = postSolution
		SolutionGuid = {E85B29AE-1B05-4A91-9E6D-B642704C4D97}
	EndGlobalSection
EndGlobal
